
Microsoft Visual Studio Solution File, Format Version 12.00
# Visual Studio 15
VisualStudioVersion = 15.0.26114.2
MinimumVisualStudioVersion = 10.0.40219.1
Project("{FAE04EC0-301F-11D3-BF4B-00C04F79EFBC}") = "RedisGeo", "RedisGeo\RedisGeo.csproj", "{EAF8171A-B8E6-4BC3-9A10-6F6C29E7A394}"
EndProject
Project("{FAE04EC0-301F-11D3-BF4B-00C04F79EFBC}") = "RedisGeo.ServiceModel", "RedisGeo.ServiceModel\RedisGeo.ServiceModel.csproj", "{D6E47201-1CF1-48DA-8B40-7418070EC783}"
EndProject
Project("{FAE04EC0-301F-11D3-BF4B-00C04F79EFBC}") = "RedisGeo.ServiceInterface", "RedisGeo.ServiceInterface\RedisGeo.ServiceInterface.csproj", "{E532E09D-D750-4A9F-B682-E7BA1508EA2C}"
EndProject
Global
	GlobalSection(SolutionConfigurationPlatforms) = preSolution
		Debug|Any CPU = Debug|Any CPU
		Release|Any CPU = Release|Any CPU
	EndGlobalSection
	GlobalSection(ProjectConfigurationPlatforms) = postSolution
		{EAF8171A-B8E6-4BC3-9A10-6F6C29E7A394}.Debug|Any CPU.ActiveCfg = Debug|Any CPU
		{EAF8171A-B8E6-4BC3-9A10-6F6C29E7A394}.Debug|Any CPU.Build.0 = Debug|Any CPU
		{EAF8171A-B8E6-4BC3-9A10-6F6C29E7A394}.Release|Any CPU.ActiveCfg = Release|Any CPU
		{EAF8171A-B8E6-4BC3-9A10-6F6C29E7A394}.Release|Any CPU.Build.0 = Release|Any CPU
		{D6E47201-1CF1-48DA-8B40-7418070EC783}.Debug|Any CPU.ActiveCfg = Debug|Any CPU
		{D6E47201-1CF1-48DA-8B40-7418070EC783}.Debug|Any CPU.Build.0 = Debug|Any CPU
		{D6E47201-1CF1-48DA-8B40-7418070EC783}.Release|Any CPU.ActiveCfg = Release|Any CPU
		{D6E47201-1CF1-48DA-8B40-7418070EC783}.Release|Any CPU.Build.0 = Release|Any CPU
		{E532E09D-D750-4A9F-B682-E7BA1508EA2C}.Debug|Any CPU.ActiveCfg = Debug|Any CPU
		{E532E09D-D750-4A9F-B682-E7BA1508EA2C}.Debug|Any CPU.Build.0 = Debug|Any CPU
		{E532E09D-D750-4A9F-B682-E7BA1508EA2C}.Release|Any CPU.ActiveCfg = Release|Any CPU
		{E532E09D-D750-4A9F-B682-E7BA1508EA2C}.Release|Any CPU.Build.0 = Release|Any CPU
	EndGlobalSection
	GlobalSection(SolutionProperties) = preSolution
		HideSolutionNode = FALSE
	EndGlobalSection
EndGlobal
